<?xml version="1.0" encoding="utf-8"?>
<Project ToolsVersion="17.0" xmlns="http://schemas.microsoft.com/developer/msbuild/2003">
  <ItemGroup>
    <CustomBuild Include="D:\Agaaf\Interns\CodeAlpha\Projects\taskone\CMakeFiles\a73931fe88f0466ab76c588e7c6ee35d\generate.stamp.rule">
      <Filter>CMake Rules</Filter>
    </CustomBuild>
  </ItemGroup>
  <ItemGroup>
    <Filter Include="CMake Rules">
      <UniqueIdentifier>{624D15BE-FB0D-354F-8985-7FDB7F2BA43A}</UniqueIdentifier>
    </Filter>
  </ItemGroup>
</Project>
